// !$*UTF8*$!
{
	archiveVersion = 1;
	classes = {
	};
	objectVersion = 56;
	objects = {

/* Begin PBXBuildFile section */
		B5A4E60E2A7C2FE80037634F /* AppDelegate.swift in Sources */ = {isa = PBXBuildFile; fileRef = B5A4E60D2A7C2FE80037634F /* AppDelegate.swift */; };
		B5A4E6102A7C2FE80037634F /* SceneDelegate.swift in Sources */ = {isa = PBXBuildFile; fileRef = B5A4E60F2A7C2FE80037634F /* SceneDelegate.swift */; };
		B5A4E6172A7C2FE80037634F /* Assets.xcassets in Resources */ = {isa = PBXBuildFile; fileRef = B5A4E6162A7C2FE80037634F /* Assets.xcassets */; };
		B5A4E61A2A7C2FE80037634F /* LaunchScreen.storyboard in Resources */ = {isa = PBXBuildFile; fileRef = B5A4E6182A7C2FE80037634F /* LaunchScreen.storyboard */; };
		B5A4E6252A7C33CA0037634F /* SearchViewController.swift in Sources */ = {isa = PBXBuildFile; fileRef = B5A4E6242A7C33CA0037634F /* SearchViewController.swift */; };
		B5A4E6272A7C3C720037634F /* DataModel.swift in Sources */ = {isa = PBXBuildFile; fileRef = B5A4E6262A7C3C720037634F /* DataModel.swift */; };
		B5A4E62A2A7C51B20037634F /* DataManager.swift in Sources */ = {isa = PBXBuildFile; fileRef = B5A4E6292A7C51B20037634F /* DataManager.swift */; };
		B5A4E62D2A7C58630037634F /* SearchViewModel.swift in Sources */ = {isa = PBXBuildFile; fileRef = B5A4E62C2A7C58630037634F /* SearchViewModel.swift */; };
		B5A4E62F2A7C78C50037634F /* ChannelTableViewCell.swift in Sources */ = {isa = PBXBuildFile; fileRef = B5A4E62E2A7C78C50037634F /* ChannelTableViewCell.swift */; };
		B5A4E6352A81524A0037634F /* ChannelViewController.swift in Sources */ = {isa = PBXBuildFile; fileRef = B5A4E6342A81524A0037634F /* ChannelViewController.swift */; };
		B5A4E6372A8152700037634F /* PostTableViewCell.swift in Sources */ = {isa = PBXBuildFile; fileRef = B5A4E6362A8152700037634F /* PostTableViewCell.swift */; };
		B5A4E6392A8152970037634F /* ChannelPostsViewModel.swift in Sources */ = {isa = PBXBuildFile; fileRef = B5A4E6382A8152970037634F /* ChannelPostsViewModel.swift */; };
		B5A4E63B2A817CAC0037634F /* PostDetailViewController.swift in Sources */ = {isa = PBXBuildFile; fileRef = B5A4E63A2A817CAC0037634F /* PostDetailViewController.swift */; };
		B5A4E63D2A8191F60037634F /* PostDetailViewModel.swift in Sources */ = {isa = PBXBuildFile; fileRef = B5A4E63C2A8191F60037634F /* PostDetailViewModel.swift */; };
		B5D07D702A83ED2C009C6933 /* HomeViewController.swift in Sources */ = {isa = PBXBuildFile; fileRef = B5D07D6F2A83ED2C009C6933 /* HomeViewController.swift */; };
		B5FC84002A8AC9E9003B3588 /* CreateChannelViewController.swift in Sources */ = {isa = PBXBuildFile; fileRef = B5FC83FF2A8AC9E9003B3588 /* CreateChannelViewController.swift */; };
		B5FC84032A8AEACE003B3588 /* CreatePostViewController.swift in Sources */ = {isa = PBXBuildFile; fileRef = B5FC84022A8AEACE003B3588 /* CreatePostViewController.swift */; };
/* End PBXBuildFile section */

/* Begin PBXFileReference section */
		B5A4E60A2A7C2FE80037634F /* Connect.app */ = {isa = PBXFileReference; explicitFileType = wrapper.application; includeInIndex = 0; path = Connect.app; sourceTree = BUILT_PRODUCTS_DIR; };
		B5A4E60D2A7C2FE80037634F /* AppDelegate.swift */ = {isa = PBXFileReference; lastKnownFileType = sourcecode.swift; path = AppDelegate.swift; sourceTree = "<group>"; };
		B5A4E60F2A7C2FE80037634F /* SceneDelegate.swift */ = {isa = PBXFileReference; lastKnownFileType = sourcecode.swift; path = SceneDelegate.swift; sourceTree = "<group>"; };
		B5A4E6162A7C2FE80037634F /* Assets.xcassets */ = {isa = PBXFileReference; lastKnownFileType = folder.assetcatalog; path = Assets.xcassets; sourceTree = "<group>"; };
		B5A4E6192A7C2FE80037634F /* Base */ = {isa = PBXFileReference; lastKnownFileType = file.storyboard; name = Base; path = Base.lproj/LaunchScreen.storyboard; sourceTree = "<group>"; };
		B5A4E61B2A7C2FE80037634F /* Info.plist */ = {isa = PBXFileReference; lastKnownFileType = text.plist.xml; path = Info.plist; sourceTree = "<group>"; };
		B5A4E6242A7C33CA0037634F /* SearchViewController.swift */ = {isa = PBXFileReference; lastKnownFileType = sourcecode.swift; path = SearchViewController.swift; sourceTree = "<group>"; };
		B5A4E6262A7C3C720037634F /* DataModel.swift */ = {isa = PBXFileReference; lastKnownFileType = sourcecode.swift; path = DataModel.swift; sourceTree = "<group>"; };
		B5A4E6292A7C51B20037634F /* DataManager.swift */ = {isa = PBXFileReference; lastKnownFileType = sourcecode.swift; path = DataManager.swift; sourceTree = "<group>"; };
		B5A4E62C2A7C58630037634F /* SearchViewModel.swift */ = {isa = PBXFileReference; lastKnownFileType = sourcecode.swift; path = SearchViewModel.swift; sourceTree = "<group>"; };
		B5A4E62E2A7C78C50037634F /* ChannelTableViewCell.swift */ = {isa = PBXFileReference; lastKnownFileType = sourcecode.swift; path = ChannelTableViewCell.swift; sourceTree = "<group>"; };
		B5A4E6342A81524A0037634F /* ChannelViewController.swift */ = {isa = PBXFileReference; lastKnownFileType = sourcecode.swift; path = ChannelViewController.swift; sourceTree = "<group>"; };
		B5A4E6362A8152700037634F /* PostTableViewCell.swift */ = {isa = PBXFileReference; lastKnownFileType = sourcecode.swift; path = PostTableViewCell.swift; sourceTree = "<group>"; };
		B5A4E6382A8152970037634F /* ChannelPostsViewModel.swift */ = {isa = PBXFileReference; lastKnownFileType = sourcecode.swift; path = ChannelPostsViewModel.swift; sourceTree = "<group>"; };
		B5A4E63A2A817CAC0037634F /* PostDetailViewController.swift */ = {isa = PBXFileReference; lastKnownFileType = sourcecode.swift; path = PostDetailViewController.swift; sourceTree = "<group>"; };
		B5A4E63C2A8191F60037634F /* PostDetailViewModel.swift */ = {isa = PBXFileReference; lastKnownFileType = sourcecode.swift; path = PostDetailViewModel.swift; sourceTree = "<group>"; };
		B5D07D6F2A83ED2C009C6933 /* HomeViewController.swift */ = {isa = PBXFileReference; lastKnownFileType = sourcecode.swift; path = HomeViewController.swift; sourceTree = "<group>"; };
		B5FC83FF2A8AC9E9003B3588 /* CreateChannelViewController.swift */ = {isa = PBXFileReference; lastKnownFileType = sourcecode.swift; path = CreateChannelViewController.swift; sourceTree = "<group>"; };
		B5FC84022A8AEACE003B3588 /* CreatePostViewController.swift */ = {isa = PBXFileReference; lastKnownFileType = sourcecode.swift; path = CreatePostViewController.swift; sourceTree = "<group>"; };
/* End PBXFileReference section */

/* Begin PBXFrameworksBuildPhase section */
		B5A4E6072A7C2FE80037634F /* Frameworks */ = {
			isa = PBXFrameworksBuildPhase;
			buildActionMask = 2147483647;
			files = (
			);
			runOnlyForDeploymentPostprocessing = 0;
		};
/* End PBXFrameworksBuildPhase section */

/* Begin PBXGroup section */
		B5A4E6012A7C2FE80037634F = {
			isa = PBXGroup;
			children = (
				B5A4E60C2A7C2FE80037634F /* Connect */,
				B5A4E60B2A7C2FE80037634F /* Products */,
			);
			sourceTree = "<group>";
		};
		B5A4E60B2A7C2FE80037634F /* Products */ = {
			isa = PBXGroup;
			children = (
				B5A4E60A2A7C2FE80037634F /* Connect.app */,
			);
			name = Products;
			sourceTree = "<group>";
		};
		B5A4E60C2A7C2FE80037634F /* Connect */ = {
			isa = PBXGroup;
			children = (
				B5A4E62B2A7C51CE0037634F /* DataService */,
				B5A4E6232A7C305E0037634F /* Model */,
				B5A4E6222A7C30580037634F /* View */,
				B5A4E6212A7C304A0037634F /* ViewModel */,
				B5A4E60D2A7C2FE80037634F /* AppDelegate.swift */,
				B5A4E60F2A7C2FE80037634F /* SceneDelegate.swift */,
				B5A4E6162A7C2FE80037634F /* Assets.xcassets */,
				B5A4E6182A7C2FE80037634F /* LaunchScreen.storyboard */,
				B5A4E61B2A7C2FE80037634F /* Info.plist */,
			);
			path = Connect;
			sourceTree = "<group>";
		};
		B5A4E6212A7C304A0037634F /* ViewModel */ = {
			isa = PBXGroup;
			children = (
				B5A4E62C2A7C58630037634F /* SearchViewModel.swift */,
				B5A4E6382A8152970037634F /* ChannelPostsViewModel.swift */,
				B5A4E63C2A8191F60037634F /* PostDetailViewModel.swift */,
			);
			path = ViewModel;
			sourceTree = "<group>";
		};
		B5A4E6222A7C30580037634F /* View */ = {
			isa = PBXGroup;
			children = (
				B5FC84012A8AEAC1003B3588 /* CreatePost */,
				B5FC83FE2A8AC9CB003B3588 /* CreateChannel */,
				B5D07D6E2A83ED1E009C6933 /* Home */,
				B5A4E6402A82CB340037634F /* PostDetail */,
				B5A4E63F2A82CB250037634F /* Channel */,
				B5A4E63E2A82CB1A0037634F /* Search */,
			);
			path = View;
			sourceTree = "<group>";
		};
		B5A4E6232A7C305E0037634F /* Model */ = {
			isa = PBXGroup;
			children = (
				B5A4E6262A7C3C720037634F /* DataModel.swift */,
			);
			path = Model;
			sourceTree = "<group>";
		};
		B5A4E62B2A7C51CE0037634F /* DataService */ = {
			isa = PBXGroup;
			children = (
				B5A4E6292A7C51B20037634F /* DataManager.swift */,
			);
			path = DataService;
			sourceTree = "<group>";
		};
		B5A4E63E2A82CB1A0037634F /* Search */ = {
			isa = PBXGroup;
			children = (
				B5A4E6242A7C33CA0037634F /* SearchViewController.swift */,
				B5A4E62E2A7C78C50037634F /* ChannelTableViewCell.swift */,
			);
			path = Search;
			sourceTree = "<group>";
		};
		B5A4E63F2A82CB250037634F /* Channel */ = {
			isa = PBXGroup;
			children = (
				B5A4E6342A81524A0037634F /* ChannelViewController.swift */,
				B5A4E6362A8152700037634F /* PostTableViewCell.swift */,
			);
			path = Channel;
			sourceTree = "<group>";
		};
		B5A4E6402A82CB340037634F /* PostDetail */ = {
			isa = PBXGroup;
			children = (
				B5A4E63A2A817CAC0037634F /* PostDetailViewController.swift */,
			);
			path = PostDetail;
			sourceTree = "<group>";
		};
		B5D07D6E2A83ED1E009C6933 /* Home */ = {
			isa = PBXGroup;
			children = (
				B5D07D6F2A83ED2C009C6933 /* HomeViewController.swift */,
			);
			path = Home;
			sourceTree = "<group>";
		};
		B5FC83FE2A8AC9CB003B3588 /* CreateChannel */ = {
			isa = PBXGroup;
			children = (
				B5FC83FF2A8AC9E9003B3588 /* CreateChannelViewController.swift */,
			);
			path = CreateChannel;
			sourceTree = "<group>";
		};
		B5FC84012A8AEAC1003B3588 /* CreatePost */ = {
			isa = PBXGroup;
			children = (
				B5FC84022A8AEACE003B3588 /* CreatePostViewController.swift */,
			);
			path = CreatePost;
			sourceTree = "<group>";
		};
/* End PBXGroup section */

/* Begin PBXNativeTarget section */
		B5A4E6092A7C2FE80037634F /* Connect */ = {
			isa = PBXNativeTarget;
			buildConfigurationList = B5A4E61E2A7C2FE80037634F /* Build configuration list for PBXNativeTarget "Connect" */;
			buildPhases = (
				B5A4E6062A7C2FE80037634F /* Sources */,
				B5A4E6072A7C2FE80037634F /* Frameworks */,
				B5A4E6082A7C2FE80037634F /* Resources */,
			);
			buildRules = (
			);
			dependencies = (
			);
			name = Connect;
			productName = Connect;
			productReference = B5A4E60A2A7C2FE80037634F /* Connect.app */;
			productType = "com.apple.product-type.application";
		};
/* End PBXNativeTarget section */

/* Begin PBXProject section */
		B5A4E6022A7C2FE80037634F /* Project object */ = {
			isa = PBXProject;
			attributes = {
				BuildIndependentTargetsInParallel = 1;
				LastSwiftUpdateCheck = 1430;
				LastUpgradeCheck = 1430;
				TargetAttributes = {
					B5A4E6092A7C2FE80037634F = {
						CreatedOnToolsVersion = 14.3;
					};
				};
			};
			buildConfigurationList = B5A4E6052A7C2FE80037634F /* Build configuration list for PBXProject "Connect" */;
			compatibilityVersion = "Xcode 14.0";
			developmentRegion = en;
			hasScannedForEncodings = 0;
			knownRegions = (
				en,
				Base,
			);
			mainGroup = B5A4E6012A7C2FE80037634F;
			productRefGroup = B5A4E60B2A7C2FE80037634F /* Products */;
			projectDirPath = "";
			projectRoot = "";
			targets = (
				B5A4E6092A7C2FE80037634F /* Connect */,
			);
		};
/* End PBXProject section */

/* Begin PBXResourcesBuildPhase section */
		B5A4E6082A7C2FE80037634F /* Resources */ = {
			isa = PBXResourcesBuildPhase;
			buildActionMask = 2147483647;
			files = (
				B5A4E61A2A7C2FE80037634F /* LaunchScreen.storyboard in Resources */,
				B5A4E6172A7C2FE80037634F /* Assets.xcassets in Resources */,
			);
			runOnlyForDeploymentPostprocessing = 0;
		};
/* End PBXResourcesBuildPhase section */

/* Begin PBXSourcesBuildPhase section */
		B5A4E6062A7C2FE80037634F /* Sources */ = {
			isa = PBXSourcesBuildPhase;
			buildActionMask = 2147483647;
			files = (
				B5A4E62D2A7C58630037634F /* SearchViewModel.swift in Sources */,
				B5A4E6252A7C33CA0037634F /* SearchViewController.swift in Sources */,
				B5A4E62A2A7C51B20037634F /* DataManager.swift in Sources */,
				B5A4E63B2A817CAC0037634F /* PostDetailViewController.swift in Sources */,
				B5FC84002A8AC9E9003B3588 /* CreateChannelViewController.swift in Sources */,
				B5A4E62F2A7C78C50037634F /* ChannelTableViewCell.swift in Sources */,
				B5A4E63D2A8191F60037634F /* PostDetailViewModel.swift in Sources */,
				B5A4E6272A7C3C720037634F /* DataModel.swift in Sources */,
				B5A4E60E2A7C2FE80037634F /* AppDelegate.swift in Sources */,
				B5A4E6392A8152970037634F /* ChannelPostsViewModel.swift in Sources */,
				B5FC84032A8AEACE003B3588 /* CreatePostViewController.swift in Sources */,
				B5A4E6352A81524A0037634F /* ChannelViewController.swift in Sources */,
				B5A4E6102A7C2FE80037634F /* SceneDelegate.swift in Sources */,
				B5D07D702A83ED2C009C6933 /* HomeViewController.swift in Sources */,
				B5A4E6372A8152700037634F /* PostTableViewCell.swift in Sources */,
			);
			runOnlyForDeploymentPostprocessing = 0;
		};
/* End PBXSourcesBuildPhase section */

/* Begin PBXVariantGroup section */
		B5A4E6182A7C2FE80037634F /* LaunchScreen.storyboard */ = {
			isa = PBXVariantGroup;
			children = (
				B5A4E6192A7C2FE80037634F /* Base */,
			);
			name = LaunchScreen.storyboard;
			sourceTree = "<group>";
		};
/* End PBXVariantGroup section */

/* Begin XCBuildConfiguration section */
		B5A4E61C2A7C2FE80037634F /* Debug */ = {
			isa = XCBuildConfiguration;
			buildSettings = {
				ALWAYS_SEARCH_USER_PATHS = NO;
				CLANG_ANALYZER_NONNULL = YES;
				CLANG_ANALYZER_NUMBER_OBJECT_CONVERSION = YES_AGGRESSIVE;
				CLANG_CXX_LANGUAGE_STANDARD = "gnu++20";
				CLANG_ENABLE_MODULES = YES;
				CLANG_ENABLE_OBJC_ARC = YES;
				CLANG_ENABLE_OBJC_WEAK = YES;
				CLANG_WARN_BLOCK_CAPTURE_AUTORELEASING = YES;
				CLANG_WARN_BOOL_CONVERSION = YES;
				CLANG_WARN_COMMA = YES;
				CLANG_WARN_CONSTANT_CONVERSION = YES;
				CLANG_WARN_DEPRECATED_OBJC_IMPLEMENTATIONS = YES;
				CLANG_WARN_DIRECT_OBJC_ISA_USAGE = YES_ERROR;
				CLANG_WARN_DOCUMENTATION_COMMENTS = YES;
				CLANG_WARN_EMPTY_BODY = YES;
				CLANG_WARN_ENUM_CONVERSION = YES;
				CLANG_WARN_INFINITE_RECURSION = YES;
				CLANG_WARN_INT_CONVERSION = YES;
				CLANG_WARN_NON_LITERAL_NULL_CONVERSION = YES;
				CLANG_WARN_OBJC_IMPLICIT_RETAIN_SELF = YES;
				CLANG_WARN_OBJC_LITERAL_CONVERSION = YES;
				CLANG_WARN_OBJC_ROOT_CLASS = YES_ERROR;
				CLANG_WARN_QUOTED_INCLUDE_IN_FRAMEWORK_HEADER = YES;
				CLANG_WARN_RANGE_LOOP_ANALYSIS = YES;
				CLANG_WARN_STRICT_PROTOTYPES = YES;
				CLANG_WARN_SUSPICIOUS_MOVE = YES;
				CLANG_WARN_UNGUARDED_AVAILABILITY = YES_AGGRESSIVE;
				CLANG_WARN_UNREACHABLE_CODE = YES;
				CLANG_WARN__DUPLICATE_METHOD_MATCH = YES;
				COPY_PHASE_STRIP = NO;
				DEBUG_INFORMATION_FORMAT = dwarf;
				ENABLE_STRICT_OBJC_MSGSEND = YES;
				ENABLE_TESTABILITY = YES;
				GCC_C_LANGUAGE_STANDARD = gnu11;
				GCC_DYNAMIC_NO_PIC = NO;
				GCC_NO_COMMON_BLOCKS = YES;
				GCC_OPTIMIZATION_LEVEL = 0;
				GCC_PREPROCESSOR_DEFINITIONS = (
					"DEBUG=1",
					"$(inherited)",
				);
				GCC_WARN_64_TO_32_BIT_CONVERSION = YES;
				GCC_WARN_ABOUT_RETURN_TYPE = YES_ERROR;
				GCC_WARN_UNDECLARED_SELECTOR = YES;
				GCC_WARN_UNINITIALIZED_AUTOS = YES_AGGRESSIVE;
				GCC_WARN_UNUSED_FUNCTION = YES;
				GCC_WARN_UNUSED_VARIABLE = YES;
				IPHONEOS_DEPLOYMENT_TARGET = 16.4;
				MTL_ENABLE_DEBUG_INFO = INCLUDE_SOURCE;
				MTL_FAST_MATH = YES;
				ONLY_ACTIVE_ARCH = YES;
				SDKROOT = iphoneos;
				SWIFT_ACTIVE_COMPILATION_CONDITIONS = DEBUG;
				SWIFT_OPTIMIZATION_LEVEL = "-Onone";
			};
			name = Debug;
		};
		B5A4E61D2A7C2FE80037634F /* Release */ = {
			isa = XCBuildConfiguration;
			buildSettings = {
				ALWAYS_SEARCH_USER_PATHS = NO;
				CLANG_ANALYZER_NONNULL = YES;
				CLANG_ANALYZER_NUMBER_OBJECT_CONVERSION = YES_AGGRESSIVE;
				CLANG_CXX_LANGUAGE_STANDARD = "gnu++20";
				CLANG_ENABLE_MODULES = YES;
				CLANG_ENABLE_OBJC_ARC = YES;
				CLANG_ENABLE_OBJC_WEAK = YES;
				CLANG_WARN_BLOCK_CAPTURE_AUTORELEASING = YES;
				CLANG_WARN_BOOL_CONVERSION = YES;
				CLANG_WARN_COMMA = YES;
				CLANG_WARN_CONSTANT_CONVERSION = YES;
				CLANG_WARN_DEPRECATED_OBJC_IMPLEMENTATIONS = YES;
				CLANG_WARN_DIRECT_OBJC_ISA_USAGE = YES_ERROR;
				CLANG_WARN_DOCUMENTATION_COMMENTS = YES;
				CLANG_WARN_EMPTY_BODY = YES;
				CLANG_WARN_ENUM_CONVERSION = YES;
				CLANG_WARN_INFINITE_RECURSION = YES;
				CLANG_WARN_INT_CONVERSION = YES;
				CLANG_WARN_NON_LITERAL_NULL_CONVERSION = YES;
				CLANG_WARN_OBJC_IMPLICIT_RETAIN_SELF = YES;
				CLANG_WARN_OBJC_LITERAL_CONVERSION = YES;
				CLANG_WARN_OBJC_ROOT_CLASS = YES_ERROR;
				CLANG_WARN_QUOTED_INCLUDE_IN_FRAMEWORK_HEADER = YES;
				CLANG_WARN_RANGE_LOOP_ANALYSIS = YES;
				CLANG_WARN_STRICT_PROTOTYPES = YES;
				CLANG_WARN_SUSPICIOUS_MOVE = YES;
				CLANG_WARN_UNGUARDED_AVAILABILITY = YES_AGGRESSIVE;
				CLANG_WARN_UNREACHABLE_CODE = YES;
				CLANG_WARN__DUPLICATE_METHOD_MATCH = YES;
				COPY_PHASE_STRIP = NO;
				DEBUG_INFORMATION_FORMAT = "dwarf-with-dsym";
				ENABLE_NS_ASSERTIONS = NO;
				ENABLE_STRICT_OBJC_MSGSEND = YES;
				GCC_C_LANGUAGE_STANDARD = gnu11;
				GCC_NO_COMMON_BLOCKS = YES;
				GCC_WARN_64_TO_32_BIT_CONVERSION = YES;
				GCC_WARN_ABOUT_RETURN_TYPE = YES_ERROR;
				GCC_WARN_UNDECLARED_SELECTOR = YES;
				GCC_WARN_UNINITIALIZED_AUTOS = YES_AGGRESSIVE;
				GCC_WARN_UNUSED_FUNCTION = YES;
				GCC_WARN_UNUSED_VARIABLE = YES;
				IPHONEOS_DEPLOYMENT_TARGET = 16.4;
				MTL_ENABLE_DEBUG_INFO = NO;
				MTL_FAST_MATH = YES;
				SDKROOT = iphoneos;
				SWIFT_COMPILATION_MODE = wholemodule;
				SWIFT_OPTIMIZATION_LEVEL = "-O";
				VALIDATE_PRODUCT = YES;
			};
			name = Release;
		};
		B5A4E61F2A7C2FE80037634F /* Debug */ = {
			isa = XCBuildConfiguration;
			buildSettings = {
				ASSETCATALOG_COMPILER_APPICON_NAME = AppIcon;
				ASSETCATALOG_COMPILER_GLOBAL_ACCENT_COLOR_NAME = AccentColor;
				CODE_SIGN_STYLE = Automatic;
				CURRENT_PROJECT_VERSION = 1;
				GENERATE_INFOPLIST_FILE = YES;
				INFOPLIST_FILE = Connect/Info.plist;
				INFOPLIST_KEY_UIApplicationSupportsIndirectInputEvents = YES;
				INFOPLIST_KEY_UILaunchStoryboardName = LaunchScreen;
				INFOPLIST_KEY_UISupportedInterfaceOrientations = UIInterfaceOrientationPortrait;
				INFOPLIST_KEY_UISupportedInterfaceOrientations_iPad = "UIInterfaceOrientationLandscapeLeft UIInterfaceOrientationLandscapeRight UIInterfaceOrientationPortrait UIInterfaceOrientationPortraitUpsideDown";
				LD_RUNPATH_SEARCH_PATHS = (
					"$(inherited)",
					"@executable_path/Frameworks",
				);
				MARKETING_VERSION = 1.0;
				PRODUCT_BUNDLE_IDENTIFIER = com.andrewkykoo.Connect;
				PRODUCT_NAME = "$(TARGET_NAME)";
				SUPPORTED_PLATFORMS = "iphoneos iphonesimulator";
				SUPPORTS_MACCATALYST = NO;
				SUPPORTS_MAC_DESIGNED_FOR_IPHONE_IPAD = YES;
				SWIFT_EMIT_LOC_STRINGS = YES;
				SWIFT_VERSION = 5.0;
				TARGETED_DEVICE_FAMILY = 1;
			};
			name = Debug;
		};
		B5A4E6202A7C2FE80037634F /* Release */ = {
			isa = XCBuildConfiguration;
			buildSettings = {
				ASSETCATALOG_COMPILER_APPICON_NAME = AppIcon;
				ASSETCATALOG_COMPILER_GLOBAL_ACCENT_COLOR_NAME = AccentColor;
				CODE_SIGN_STYLE = Automatic;
				CURRENT_PROJECT_VERSION = 1;
				GENERATE_INFOPLIST_FILE = YES;
				INFOPLIST_FILE = Connect/Info.plist;
				INFOPLIST_KEY_UIApplicationSupportsIndirectInputEvents = YES;
				INFOPLIST_KEY_UILaunchStoryboardName = LaunchScreen;
				INFOPLIST_KEY_UISupportedInterfaceOrientations = UIInterfaceOrientationPortrait;
				INFOPLIST_KEY_UISupportedInterfaceOrientations_iPad = "UIInterfaceOrientationLandscapeLeft UIInterfaceOrientationLandscapeRight UIInterfaceOrientationPortrait UIInterfaceOrientationPortraitUpsideDown";
				LD_RUNPATH_SEARCH_PATHS = (
					"$(inherited)",
					"@executable_path/Frameworks",
				);
				MARKETING_VERSION = 1.0;
				PRODUCT_BUNDLE_IDENTIFIER = com.andrewkykoo.Connect;
				PRODUCT_NAME = "$(TARGET_NAME)";
				SUPPORTED_PLATFORMS = "iphoneos iphonesimulator";
				SUPPORTS_MACCATALYST = NO;
				SUPPORTS_MAC_DESIGNED_FOR_IPHONE_IPAD = YES;
				SWIFT_EMIT_LOC_STRINGS = YES;
				SWIFT_VERSION = 5.0;
				TARGETED_DEVICE_FAMILY = 1;
			};
			name = Release;
		};
/* End XCBuildConfiguration section */

/* Begin XCConfigurationList section */
		B5A4E6052A7C2FE80037634F /* Build configuration list for PBXProject "Connect" */ = {
			isa = XCConfigurationList;
			buildConfigurations = (
				B5A4E61C2A7C2FE80037634F /* Debug */,
				B5A4E61D2A7C2FE80037634F /* Release */,
			);
			defaultConfigurationIsVisible = 0;
			defaultConfigurationName = Release;
		};
		B5A4E61E2A7C2FE80037634F /* Build configuration list for PBXNativeTarget "Connect" */ = {
			isa = XCConfigurationList;
			buildConfigurations = (
				B5A4E61F2A7C2FE80037634F /* Debug */,
				B5A4E6202A7C2FE80037634F /* Release */,
			);
			defaultConfigurationIsVisible = 0;
			defaultConfigurationName = Release;
		};
/* End XCConfigurationList section */
	};
	rootObject = B5A4E6022A7C2FE80037634F /* Project object */;
}
